
Microsoft Visual Studio Solution File, Format Version 12.00
# Visual Studio Version 17
VisualStudioVersion = 17.5.002.0
MinimumVisualStudioVersion = 10.0.40219.1
Project("{9A19103F-16F7-4668-BE54-9A1E7A4F7556}") = "JogandoDado", "JogandoDado.csproj", "{D97C6A4C-BE15-4D8C-85DA-D9FD7B391021}"
EndProject
Global
	GlobalSection(SolutionConfigurationPlatforms) = preSolution
		Debug|Any CPU = Debug|Any CPU
		Release|Any CPU = Release|Any CPU
	EndGlobalSection
	GlobalSection(ProjectConfigurationPlatforms) = postSolution
		{D97C6A4C-BE15-4D8C-85DA-D9FD7B391021}.Debug|Any CPU.ActiveCfg = Debug|Any CPU
		{D97C6A4C-BE15-4D8C-85DA-D9FD7B391021}.Debug|Any CPU.Build.0 = Debug|Any CPU
		{D97C6A4C-BE15-4D8C-85DA-D9FD7B391021}.Release|Any CPU.ActiveCfg = Release|Any CPU
		{D97C6A4C-BE15-4D8C-85DA-D9FD7B391021}.Release|Any CPU.Build.0 = Release|Any CPU
	EndGlobalSection
	GlobalSection(SolutionProperties) = preSolution
		HideSolutionNode = FALSE
	EndGlobalSection
	GlobalSection(ExtensibilityGlobals) = postSolution
		SolutionGuid = {601E25EB-9560-4E7B-9DA7-F20D5CE90E24}
	EndGlobalSection
EndGlobal
